{
  "name": "myproject",
  "version": "1.0.0",
  "lockfileVersion": 1,
  "requires": true,
  "dependencies": {
    "@popperjs/core": {
      "version": "2.5.3",
      "resolved": "https://registry.npmjs.org/@popperjs/core/-/core-2.5.3.tgz",
      "integrity": "sha512-RFwCobxsvZ6j7twS7dHIZQZituMIDJJNHS/qY6iuthVebxS3zhRY+jaC2roEKiAYaVuTcGmX6Luc6YBcf6zJVg==",
      "dev": true
    },
    "i": {
      "version": "0.3.6",
      "resolved": "https://registry.npmjs.org/i/-/i-0.3.6.tgz",
      "integrity": "sha1-2WyScyB28HJxG2sQ/X1PZa2O4j0=",
      "dev": true
    },
    "workbox-sw": {
      "version": "5.1.4",
      "resolved": "https://registry.npmjs.org/workbox-sw/-/workbox-sw-5.1.4.tgz",
      "integrity": "sha512-9xKnKw95aXwSNc8kk8gki4HU0g0W6KXu+xks7wFuC7h0sembFnTrKtckqZxbSod41TDaGh+gWUA5IRXrL0ECRA==",
      "dev": true
    }
  }
}
